{
  "nodes": {
    "danksearch": {
      "inputs": {
        "nixpkgs": [
          "nixpkgs"
        ]
      },
      "locked": {
        "lastModified": 1774118214,
        "narHash": "sha256-Y7frUOBhSJtalBo/kDESkTTvsQe1FJov5EUzKF+sfjM=",
        "owner": "AvengeMedia",
        "repo": "danksearch",
        "rev": "1342ceae4c0a18b45cce7a00dd26fe924a42d66a",
        "type": "github"
      },
      "original": {
        "owner": "AvengeMedia",
        "repo": "danksearch",
        "type": "github"
      }
    },
    "dms": {
      "inputs": {
        "nixpkgs": [
          "nixpkgs"
        ],
        "quickshell": "quickshell"
      },
      "locked": {
        "lastModified": 1774363468,
        "narHash": "sha256-N1fBzyzTIxTx1loBxPbUj5gIwM3Znb6ec4lSGmnjWk4=",
        "owner": "AvengeMedia",
        "repo": "DankMaterialShell",
        "rev": "6921442aabf4a7d0901d495459f6deaaf3d0d656",
        "type": "github"
      },
      "original": {
        "owner": "AvengeMedia",
        "ref": "stable",
        "repo": "DankMaterialShell",
        "type": "github"
      }
    },
    "dms-plugin-registry": {
      "inputs": {
        "nixpkgs": [
          "nixpkgs"
        ]
      },
      "locked": {
        "lastModified": 1775179491,
        "narHash": "sha256-CUon+a8iH+Bqj8cg2e97D+Pf0/b3jZFy8uSD2k09Dg0=",
        "owner": "AvengeMedia",
        "repo": "dms-plugin-registry",
        "rev": "80cc4b5f98dae4221c69e16a5933b869a7a982e5",
        "type": "github"
      },
      "original": {
        "owner": "AvengeMedia",
        "repo": "dms-plugin-registry",
        "type": "github"
      }
    },
    "flake-compat": {
      "locked": {
        "lastModified": 1733328505,
        "narHash": "sha256-NeCCThCEP3eCl2l/+27kNNK7QrwZB1IJCrXfrbv5oqU=",
        "rev": "ff81ac966bb2cae68946d5ed5fc4994f96d0ffec",
        "revCount": 69,
        "type": "tarball",
        "url": "https://api.flakehub.com/f/pinned/edolstra/flake-compat/1.1.0/01948eb7-9cba-704f-bbf3-3fa956735b52/source.tar.gz"
      },
      "original": {
        "type": "tarball",
        "url": "https://flakehub.com/f/edolstra/flake-compat/1.tar.gz"
      }
    },
    "home-manager": {
      "inputs": {
        "nixpkgs": [
          "nixpkgs"
        ]
      },
      "locked": {
        "lastModified": 1775077333,
        "narHash": "sha256-OXcxobt7lBkh1B8AjwreU+24myhtKpqeLfAeIyNLFY8=",
        "owner": "nix-community",
        "repo": "home-manager",
        "rev": "49ca96b2714c5931e17401eff87f3edd42d2b0f2",
        "type": "github"
      },
      "original": {
        "owner": "nix-community",
        "ref": "release-25.11",
        "repo": "home-manager",
        "type": "github"
      }
    },
    "hyprland-contrib": {
      "inputs": {
        "nixpkgs": [
          "nixpkgs"
        ]
      },
      "locked": {
        "lastModified": 1774778246,
        "narHash": "sha256-OX9Oba3/cHq1jMS1/ItCdxNuRBH3291Lg727nHOzYnc=",
        "owner": "hyprwm",
        "repo": "contrib",
        "rev": "ca3c381df6018e6c400ceac994066427c98fe323",
        "type": "github"
      },
      "original": {
        "owner": "hyprwm",
        "repo": "contrib",
        "type": "github"
      }
    },
    "nix-vscode-extensions": {
      "inputs": {
        "nixpkgs": "nixpkgs"
      },
      "locked": {
        "lastModified": 1775185075,
        "narHash": "sha256-fUvn9pAPPplNzpT27n51wBKBEJtHFLb8b2b+5fAU1Eo=",
        "owner": "nix-community",
        "repo": "nix-vscode-extensions",
        "rev": "b557a6397204dd4e148144979c99e1e66e8ab2e8",
        "type": "github"
      },
      "original": {
        "owner": "nix-community",
        "repo": "nix-vscode-extensions",
        "type": "github"
      }
    },
    "nixos-unstable": {
      "locked": {
        "lastModified": 1775036866,
        "narHash": "sha256-ZojAnPuCdy657PbTq5V0Y+AHKhZAIwSIT2cb8UgAz/U=",
        "owner": "nixos",
        "repo": "nixpkgs",
        "rev": "6201e203d09599479a3b3450ed24fa81537ebc4e",
        "type": "github"
      },
      "original": {
        "owner": "nixos",
        "ref": "nixos-unstable",
        "repo": "nixpkgs",
        "type": "github"
      }
    },
    "nixpkgs": {
      "locked": {
        "lastModified": 1766025857,
        "narHash": "sha256-Lav5jJazCW4mdg1iHcROpuXqmM94BWJvabLFWaJVJp0=",
        "owner": "nixos",
        "repo": "nixpkgs",
        "rev": "def3da69945bbe338c373fddad5a1bb49cf199ce",
        "type": "github"
      },
      "original": {
        "owner": "nixos",
        "repo": "nixpkgs",
        "rev": "def3da69945bbe338c373fddad5a1bb49cf199ce",
        "type": "github"
      }
    },
    "nixpkgs-unstable": {
      "locked": {
        "lastModified": 1775126147,
        "narHash": "sha256-J0dZU4atgcfo4QvM9D92uQ0Oe1eLTxBVXjJzdEMQpD0=",
        "owner": "nixos",
        "repo": "nixpkgs",
        "rev": "8d8c1fa5b412c223ffa47410867813290cdedfef",
        "type": "github"
      },
      "original": {
        "owner": "nixos",
        "ref": "nixpkgs-unstable",
        "repo": "nixpkgs",
        "type": "github"
      }
    },
    "nixpkgs_2": {
      "locked": {
        "lastModified": 1775002709,
        "narHash": "sha256-d3Yx83vSrN+2z/loBh4mJpyRqr9aAJqlke4TkpFmRJA=",
        "owner": "nixos",
        "repo": "nixpkgs",
        "rev": "bcd464ccd2a1a7cd09aa2f8d4ffba83b761b1d0e",
        "type": "github"
      },
      "original": {
        "owner": "nixos",
        "ref": "nixos-25.11",
        "repo": "nixpkgs",
        "type": "github"
      }
    },
    "nixpkgs_3": {
      "locked": {
        "lastModified": 1688392541,
        "narHash": "sha256-lHrKvEkCPTUO+7tPfjIcb7Trk6k31rz18vkyqmkeJfY=",
        "owner": "NixOS",
        "repo": "nixpkgs",
        "rev": "ea4c80b39be4c09702b0cb3b42eab59e2ba4f24b",
        "type": "github"
      },
      "original": {
        "owner": "NixOS",
        "ref": "nixos-22.11",
        "repo": "nixpkgs",
        "type": "github"
      }
    },
    "quickshell": {
      "inputs": {
        "nixpkgs": [
          "dms",
          "nixpkgs"
        ]
      },
      "locked": {
        "lastModified": 1766725085,
        "narHash": "sha256-O2aMFdDUYJazFrlwL7aSIHbUSEm3ADVZjmf41uBJfHs=",
        "ref": "refs/heads/master",
        "rev": "41828c4180fb921df7992a5405f5ff05d2ac2fff",
        "revCount": 715,
        "type": "git",
        "url": "https://git.outfoxxed.me/quickshell/quickshell"
      },
      "original": {
        "rev": "41828c4180fb921df7992a5405f5ff05d2ac2fff",
        "type": "git",
        "url": "https://git.outfoxxed.me/quickshell/quickshell"
      }
    },
    "root": {
      "inputs": {
        "danksearch": "danksearch",
        "dms": "dms",
        "dms-plugin-registry": "dms-plugin-registry",
        "home-manager": "home-manager",
        "hyprland-contrib": "hyprland-contrib",
        "nix-vscode-extensions": "nix-vscode-extensions",
        "nixos-unstable": "nixos-unstable",
        "nixpkgs": "nixpkgs_2",
        "nixpkgs-unstable": "nixpkgs-unstable",
        "tuxedo-nixos": "tuxedo-nixos"
      }
    },
    "tuxedo-nixos": {
      "inputs": {
        "flake-compat": "flake-compat",
        "nixpkgs": "nixpkgs_3"
      },
      "locked": {
        "lastModified": 1771768474,
        "narHash": "sha256-1Ck1BsxqmLO/BDJbdWquXXj2S6nto/puVdrlCRqL/cg=",
        "owner": "sund3RRR",
        "repo": "tuxedo-nixos",
        "rev": "12a0aea42b41dec49ce89609a157c010a8448c3e",
        "type": "github"
      },
      "original": {
        "owner": "sund3RRR",
        "repo": "tuxedo-nixos",
        "type": "github"
      }
    }
  },
  "root": "root",
  "version": 7
}
